{
  "name": "next-lite-framework",
  "version": "0.2.0",
  "lockfileVersion": 1,
  "requires": true,
  "dependencies": {
    "esbuild": {
      "version": "0.17.19",
      "resolved": "https://registry.npmjs.org/esbuild/-/esbuild-0.17.19.tgz",
      "integrity": "sha512-XQ0jAPFkK/u3LcVRcvVHQcTIqD6E2H1fvZMA5dQPSOWb3suUbWbfbRf94pjc0bNzRYLfIrDRQXr7X+LHIm5oHw=="
    },
    "fs-extra": {
      "version": "11.2.0",
      "resolved": "https://registry.npmjs.org/fs-extra/-/fs-extra-11.2.0.tgz",
      "integrity": "sha512-PmDi+2LW1bi1Vu6CuYrR1CUK8aRgZZTKVj1Oj8wP6ALQVB1Vn3XyC1QFxjjFN4ikXUO7Fy4Rcg4aIUwKEt6cWxs2D8Q=="
    },
    "react": {
      "version": "18.2.0",
      "resolved": "https://registry.npmjs.org/react/-/react-18.2.0.tgz",
      "integrity": "sha512-/3IjMdb2L9QbBdWiW5e3P2/npwMBaU9mHCSCUzNln0ZCYbcfTsGbTJrU/kGemdH2IWmB2ioZ+zkxtmq6g09fGQ=="
    },
    "react-dom": {
      "version": "18.2.0",
      "resolved": "https://registry.npmjs.org/react-dom/-/react-dom-18.2.0.tgz",
      "integrity": "sha512-6IMTriUmvsjHUjNtEDudZfuDQUoWXVxKHhlEGSk81n4YFS+r/Kl99wXiwlVXtPBtJenozv2P+hxDsw9eA7Xo6g=="
    },
    "ws": {
      "version": "8.18.0",
      "resolved": "https://registry.npmjs.org/ws/-/ws-8.18.0.tgz",
      "integrity": "sha512-x8fGXJPvUj9+XkwAeYgcJ3CgOoOKXRvYqMZYXrPKfkDuGGYvQCUBdMZwmQHXPVZWxGOVlBpxSfKVXCE3tK/CiWg=="
    },
    "@types/fs-extra": {
      "version": "11.0.4",
      "resolved": "https://registry.npmjs.org/@types/fs-extra/-/fs-extra-11.0.4.tgz",
      "integrity": "sha512-yTbItCNreRxwbrVUEqxUCYEYwZQQqZSU7J7zR0liI+Ge9EGv9gdQh7OA+p4a55+ov5iIwcpDz+hBYY/ciHPRvQ==",
      "dev": true
    },
    "@types/react": {
      "version": "18.2.0",
      "resolved": "https://registry.npmjs.org/@types/react/-/react-18.2.0.tgz",
      "integrity": "sha512-0FLj93y5USLHdnhIhABk83rm8XEGA7kH4xLJx8fKKkHZZQIfxjW6jk9J5gKQXQGdwpwxCVULsKjVL9SVH5VgYw==",
      "dev": true
    },
    "@types/react-dom": {
      "version": "18.2.0",
      "resolved": "https://registry.npmjs.org/@types/react-dom/-/react-dom-18.2.0.tgz",
      "integrity": "sha512-I5PiDPyQnIyFd1DfIpTg5RQELy8c0/5x/+XzjRO/MRjwjKUdRwzTUPJZ8Vwf2+zzpyQbr/twLwUH4ixVqgQpNQ==",
      "dev": true
    },
    "jest": {
      "version": "29.7.0",
      "resolved": "https://registry.npmjs.org/jest/-/jest-29.7.0.tgz",
      "integrity": "sha512-NIR1/T8O+6IFzDY+Z+TDz/9YEQXcBM5SGYsWh+ENJuM1TK8cvYt2IQDrO2LvL2PSA3RKA8RKQGq8MzIxCGJUtw==",
      "dev": true
    },
    "postcss": {
      "version": "8.4.49",
      "resolved": "https://registry.npmjs.org/postcss/-/postcss-8.4.49.tgz",
      "integrity": "sha512-0Aq1Oi8ZNQUJIxQpHZCYL+ItDuoXLfUTjjzrYFKrOYD5Vr0JvY0gHdUkwY0GfYEr9BAR2+WvkiKr5MfYnXFJfxQ==",
      "dev": true
    },
    "postcss-modules": {
      "version": "6.0.1",
      "resolved": "https://registry.npmjs.org/postcss-modules/-/postcss-modules-6.0.1.tgz",
      "integrity": "sha512-5Mj/RRMzQh+zIR9Uc7eSQXQXKWrMYZKkiCgDiRO7gGsCnTN0vNYZ0whgRuDkzHK3d7i2zvQJLiQYnG5/lLnQg==",
      "dev": true
    },
    "typescript": {
      "version": "5.0.4",
      "resolved": "https://registry.npmjs.org/typescript/-/typescript-5.0.4.tgz",
      "integrity": "sha512-cW9T5W9xY37cc+jfEnaUvX91foxtHkza3Nw3wkoF4sSlKn0MONdkdEndig/qPBWXNkmplh3NzayQzCiHM4/hqw==",
      "dev": true
    }
  }
}
